
Microsoft Visual Studio Solution File, Format Version 12.00
# Visual Studio 15
VisualStudioVersion = 15.0.28307.572
MinimumVisualStudioVersion = 10.0.40219.1
Project("{FAE04EC0-301F-11D3-BF4B-00C04F79EFBC}") = "WebAutomation.Tests", "WebAutomation.Tests\WebAutomation.Tests.csproj", "{6F7B6DC6-F95B-473F-84BB-E3C311472C65}"
EndProject
Project("{FAE04EC0-301F-11D3-BF4B-00C04F79EFBC}") = "WebAutomation.Core", "WebAutomation.Core\WebAutomation.Core.csproj", "{545579D8-C42E-41DA-8AB0-AC8ABAFADBEE}"
EndProject
Global
	GlobalSection(SolutionConfigurationPlatforms) = preSolution
		Debug|Any CPU = Debug|Any CPU
		Release|Any CPU = Release|Any CPU
	EndGlobalSection
	GlobalSection(ProjectConfigurationPlatforms) = postSolution
		{6F7B6DC6-F95B-473F-84BB-E3C311472C65}.Debug|Any CPU.ActiveCfg = Debug|Any CPU
		{6F7B6DC6-F95B-473F-84BB-E3C311472C65}.Debug|Any CPU.Build.0 = Debug|Any CPU
		{6F7B6DC6-F95B-473F-84BB-E3C311472C65}.Release|Any CPU.ActiveCfg = Release|Any CPU
		{6F7B6DC6-F95B-473F-84BB-E3C311472C65}.Release|Any CPU.Build.0 = Release|Any CPU
		{545579D8-C42E-41DA-8AB0-AC8ABAFADBEE}.Debug|Any CPU.ActiveCfg = Debug|Any CPU
		{545579D8-C42E-41DA-8AB0-AC8ABAFADBEE}.Debug|Any CPU.Build.0 = Debug|Any CPU
		{545579D8-C42E-41DA-8AB0-AC8ABAFADBEE}.Release|Any CPU.ActiveCfg = Release|Any CPU
		{545579D8-C42E-41DA-8AB0-AC8ABAFADBEE}.Release|Any CPU.Build.0 = Release|Any CPU
	EndGlobalSection
	GlobalSection(SolutionProperties) = preSolution
		HideSolutionNode = FALSE
	EndGlobalSection
	GlobalSection(ExtensibilityGlobals) = postSolution
		SolutionGuid = {ABEC73B2-943D-45DD-BB09-1563C6510B80}
	EndGlobalSection
EndGlobal
